
Microsoft Visual Studio Solution File, Format Version 12.00
# Visual Studio 15
VisualStudioVersion = 15.0.28307.1340
MinimumVisualStudioVersion = 10.0.40219.1
Project("{FAE04EC0-301F-11D3-BF4B-00C04F79EFBC}") = "PC6502", "PC6502\PC6502.csproj", "{D980F143-BCB4-4C58-8F61-26E45B476045}"
EndProject
Project("{8BC9CEB8-8B4A-11D0-8D11-00A0C91BC942}") = "CPU_6502", "CPU_6502\CPU_6502\CPU_6502.vcxproj", "{F7349132-09EF-412B-BDFD-D145C895D68E}"
EndProject
Project("{FAE04EC0-301F-11D3-BF4B-00C04F79EFBC}") = "SevenSegment", "PC6502\SevenSegment\SevenSegment.csproj", "{00DB5A9C-12D3-43B0-9E4A-D9ECA873F5C9}"
EndProject
Global
	GlobalSection(SolutionConfigurationPlatforms) = preSolution
		Debug|Any CPU = Debug|Any CPU
		Debug|x64 = Debug|x64
		Debug|x86 = Debug|x86
		Release|Any CPU = Release|Any CPU
		Release|x64 = Release|x64
		Release|x86 = Release|x86
	EndGlobalSection
	GlobalSection(ProjectConfigurationPlatforms) = postSolution
		{D980F143-BCB4-4C58-8F61-26E45B476045}.Debug|Any CPU.ActiveCfg = Debug|Any CPU
		{D980F143-BCB4-4C58-8F61-26E45B476045}.Debug|Any CPU.Build.0 = Debug|Any CPU
		{D980F143-BCB4-4C58-8F61-26E45B476045}.Debug|x64.ActiveCfg = Debug|Any CPU
		{D980F143-BCB4-4C58-8F61-26E45B476045}.Debug|x64.Build.0 = Debug|Any CPU
		{D980F143-BCB4-4C58-8F61-26E45B476045}.Debug|x86.ActiveCfg = Debug|Any CPU
		{D980F143-BCB4-4C58-8F61-26E45B476045}.Debug|x86.Build.0 = Debug|Any CPU
		{D980F143-BCB4-4C58-8F61-26E45B476045}.Release|Any CPU.ActiveCfg = Release|Any CPU
		{D980F143-BCB4-4C58-8F61-26E45B476045}.Release|Any CPU.Build.0 = Release|Any CPU
		{D980F143-BCB4-4C58-8F61-26E45B476045}.Release|x64.ActiveCfg = Release|Any CPU
		{D980F143-BCB4-4C58-8F61-26E45B476045}.Release|x64.Build.0 = Release|Any CPU
		{D980F143-BCB4-4C58-8F61-26E45B476045}.Release|x86.ActiveCfg = Release|Any CPU
		{D980F143-BCB4-4C58-8F61-26E45B476045}.Release|x86.Build.0 = Release|Any CPU
		{F7349132-09EF-412B-BDFD-D145C895D68E}.Debug|Any CPU.ActiveCfg = Debug|Win32
		{F7349132-09EF-412B-BDFD-D145C895D68E}.Debug|x64.ActiveCfg = Debug|x64
		{F7349132-09EF-412B-BDFD-D145C895D68E}.Debug|x64.Build.0 = Debug|x64
		{F7349132-09EF-412B-BDFD-D145C895D68E}.Debug|x86.ActiveCfg = Debug|Win32
		{F7349132-09EF-412B-BDFD-D145C895D68E}.Debug|x86.Build.0 = Debug|Win32
		{F7349132-09EF-412B-BDFD-D145C895D68E}.Release|Any CPU.ActiveCfg = Release|Win32
		{F7349132-09EF-412B-BDFD-D145C895D68E}.Release|x64.ActiveCfg = Release|x64
		{F7349132-09EF-412B-BDFD-D145C895D68E}.Release|x64.Build.0 = Release|x64
		{F7349132-09EF-412B-BDFD-D145C895D68E}.Release|x86.ActiveCfg = Release|Win32
		{F7349132-09EF-412B-BDFD-D145C895D68E}.Release|x86.Build.0 = Release|Win32
		{00DB5A9C-12D3-43B0-9E4A-D9ECA873F5C9}.Debug|Any CPU.ActiveCfg = Debug|Any CPU
		{00DB5A9C-12D3-43B0-9E4A-D9ECA873F5C9}.Debug|Any CPU.Build.0 = Debug|Any CPU
		{00DB5A9C-12D3-43B0-9E4A-D9ECA873F5C9}.Debug|x64.ActiveCfg = Debug|Any CPU
		{00DB5A9C-12D3-43B0-9E4A-D9ECA873F5C9}.Debug|x64.Build.0 = Debug|Any CPU
		{00DB5A9C-12D3-43B0-9E4A-D9ECA873F5C9}.Debug|x86.ActiveCfg = Debug|Any CPU
		{00DB5A9C-12D3-43B0-9E4A-D9ECA873F5C9}.Debug|x86.Build.0 = Debug|Any CPU
		{00DB5A9C-12D3-43B0-9E4A-D9ECA873F5C9}.Release|Any CPU.ActiveCfg = Release|Any CPU
		{00DB5A9C-12D3-43B0-9E4A-D9ECA873F5C9}.Release|Any CPU.Build.0 = Release|Any CPU
		{00DB5A9C-12D3-43B0-9E4A-D9ECA873F5C9}.Release|x64.ActiveCfg = Release|Any CPU
		{00DB5A9C-12D3-43B0-9E4A-D9ECA873F5C9}.Release|x64.Build.0 = Release|Any CPU
		{00DB5A9C-12D3-43B0-9E4A-D9ECA873F5C9}.Release|x86.ActiveCfg = Release|Any CPU
		{00DB5A9C-12D3-43B0-9E4A-D9ECA873F5C9}.Release|x86.Build.0 = Release|Any CPU
	EndGlobalSection
	GlobalSection(SolutionProperties) = preSolution
		HideSolutionNode = FALSE
	EndGlobalSection
	GlobalSection(ExtensibilityGlobals) = postSolution
		SolutionGuid = {DD4173DC-9968-40DE-A08E-A875CED9AED8}
	EndGlobalSection
EndGlobal
